
Microsoft Visual Studio Solution File, Format Version 12.00
# Visual Studio Version 17
VisualStudioVersion = 17.0.32014.148
MinimumVisualStudioVersion = 10.0.40219.1
Project("{9A19103F-16F7-4668-BE54-9A1E7A4F7556}") = "TokiMonsi", "TokiMonsi\TokiMonsi.csproj", "{29D5C693-79AF-4ECB-9DF2-C5F3DFFCAB02}"
EndProject
Project("{FAE04EC0-301F-11D3-BF4B-00C04F79EFBC}") = "TokiMonsi.Palindrome", "TokiMonsi.Palindrome\TokiMonsi.Palindrome.csproj", "{61816907-E6EC-4919-8AA1-C41A72B9ADEF}"
EndProject
Global
	GlobalSection(SolutionConfigurationPlatforms) = preSolution
		Debug|Any CPU = Debug|Any CPU
		Release|Any CPU = Release|Any CPU
	EndGlobalSection
	GlobalSection(ProjectConfigurationPlatforms) = postSolution
		{29D5C693-79AF-4ECB-9DF2-C5F3DFFCAB02}.Debug|Any CPU.ActiveCfg = Debug|Any CPU
		{29D5C693-79AF-4ECB-9DF2-C5F3DFFCAB02}.Debug|Any CPU.Build.0 = Debug|Any CPU
		{29D5C693-79AF-4ECB-9DF2-C5F3DFFCAB02}.Release|Any CPU.ActiveCfg = Release|Any CPU
		{29D5C693-79AF-4ECB-9DF2-C5F3DFFCAB02}.Release|Any CPU.Build.0 = Release|Any CPU
		{61816907-E6EC-4919-8AA1-C41A72B9ADEF}.Debug|Any CPU.ActiveCfg = Debug|Any CPU
		{61816907-E6EC-4919-8AA1-C41A72B9ADEF}.Debug|Any CPU.Build.0 = Debug|Any CPU
		{61816907-E6EC-4919-8AA1-C41A72B9ADEF}.Release|Any CPU.ActiveCfg = Release|Any CPU
		{61816907-E6EC-4919-8AA1-C41A72B9ADEF}.Release|Any CPU.Build.0 = Release|Any CPU
	EndGlobalSection
	GlobalSection(SolutionProperties) = preSolution
		HideSolutionNode = FALSE
	EndGlobalSection
	GlobalSection(ExtensibilityGlobals) = postSolution
		SolutionGuid = {7B9CE00A-4E18-4539-B05E-20E6C5903E64}
	EndGlobalSection
EndGlobal
