
Microsoft Visual Studio Solution File, Format Version 12.00
# Visual Studio Version 17
VisualStudioVersion = 17.4.33103.184
MinimumVisualStudioVersion = 10.0.40219.1
Project("{9A19103F-16F7-4668-BE54-9A1E7A4F7556}") = "TokiMonsi", "TokiMonsi\TokiMonsi.csproj", "{6DB15AB3-4453-4808-9AF9-7CDF3B6047F1}"
EndProject
Project("{FAE04EC0-301F-11D3-BF4B-00C04F79EFBC}") = "TokiMonsi.Palindrome", "TokiMonsi.Palindrome\TokiMonsi.Palindrome.csproj", "{D72B1504-825D-4D9B-933C-7011F4FFA33F}"
EndProject
Project("{FAE04EC0-301F-11D3-BF4B-00C04F79EFBC}") = "TokiMonsi.Tests", "TokiMonsi.Tests\TokiMonsi.Tests.csproj", "{9EB373C2-4C4E-4904-8534-6F7DF0E9B6F9}"
EndProject
Global
	GlobalSection(SolutionConfigurationPlatforms) = preSolution
		Debug|Any CPU = Debug|Any CPU
		Release|Any CPU = Release|Any CPU
	EndGlobalSection
	GlobalSection(ProjectConfigurationPlatforms) = postSolution
		{6DB15AB3-4453-4808-9AF9-7CDF3B6047F1}.Debug|Any CPU.ActiveCfg = Debug|Any CPU
		{6DB15AB3-4453-4808-9AF9-7CDF3B6047F1}.Debug|Any CPU.Build.0 = Debug|Any CPU
		{6DB15AB3-4453-4808-9AF9-7CDF3B6047F1}.Release|Any CPU.ActiveCfg = Release|Any CPU
		{6DB15AB3-4453-4808-9AF9-7CDF3B6047F1}.Release|Any CPU.Build.0 = Release|Any CPU
		{D72B1504-825D-4D9B-933C-7011F4FFA33F}.Debug|Any CPU.ActiveCfg = Debug|Any CPU
		{D72B1504-825D-4D9B-933C-7011F4FFA33F}.Debug|Any CPU.Build.0 = Debug|Any CPU
		{D72B1504-825D-4D9B-933C-7011F4FFA33F}.Release|Any CPU.ActiveCfg = Release|Any CPU
		{D72B1504-825D-4D9B-933C-7011F4FFA33F}.Release|Any CPU.Build.0 = Release|Any CPU
		{9EB373C2-4C4E-4904-8534-6F7DF0E9B6F9}.Debug|Any CPU.ActiveCfg = Debug|Any CPU
		{9EB373C2-4C4E-4904-8534-6F7DF0E9B6F9}.Debug|Any CPU.Build.0 = Debug|Any CPU
		{9EB373C2-4C4E-4904-8534-6F7DF0E9B6F9}.Release|Any CPU.ActiveCfg = Release|Any CPU
		{9EB373C2-4C4E-4904-8534-6F7DF0E9B6F9}.Release|Any CPU.Build.0 = Release|Any CPU
	EndGlobalSection
	GlobalSection(SolutionProperties) = preSolution
		HideSolutionNode = FALSE
	EndGlobalSection
	GlobalSection(ExtensibilityGlobals) = postSolution
		SolutionGuid = {ABF6939D-171F-4733-BE71-FF5DCED6D256}
	EndGlobalSection
EndGlobal
